
Microsoft Visual Studio Solution File, Format Version 12.00
# Visual Studio Version 16
VisualStudioVersion = 16.0.31005.135
MinimumVisualStudioVersion = 10.0.40219.1
Project("{9A19103F-16F7-4668-BE54-9A1E7A4F7556}") = "BlazorSerilogDemo", "BlazorSerilogDemo\BlazorSerilogDemo.csproj", "{9A423C1A-C349-4756-A45A-C2D493F3AE21}"
EndProject
Global
	GlobalSection(SolutionConfigurationPlatforms) = preSolution
		Debug|Any CPU = Debug|Any CPU
		Release|Any CPU = Release|Any CPU
	EndGlobalSection
	GlobalSection(ProjectConfigurationPlatforms) = postSolution
		{9A423C1A-C349-4756-A45A-C2D493F3AE21}.Debug|Any CPU.ActiveCfg = Debug|Any CPU
		{9A423C1A-C349-4756-A45A-C2D493F3AE21}.Debug|Any CPU.Build.0 = Debug|Any CPU
		{9A423C1A-C349-4756-A45A-C2D493F3AE21}.Release|Any CPU.ActiveCfg = Release|Any CPU
		{9A423C1A-C349-4756-A45A-C2D493F3AE21}.Release|Any CPU.Build.0 = Release|Any CPU
	EndGlobalSection
	GlobalSection(SolutionProperties) = preSolution
		HideSolutionNode = FALSE
	EndGlobalSection
	GlobalSection(ExtensibilityGlobals) = postSolution
		SolutionGuid = {87B68C6E-36C0-4260-BB70-CF7E8692DD00}
	EndGlobalSection
EndGlobal
